
Microsoft Visual Studio Solution File, Format Version 12.00
# Visual Studio Version 17
VisualStudioVersion = 17.0.31919.166
MinimumVisualStudioVersion = 10.0.40219.1
Project("{8BC9CEB8-8B4A-11D0-8D11-00A0C91BC942}") = "Cpp-Aufgabe-3", "Cpp-Aufgabe-3\Cpp-Aufgabe-3.vcxproj", "{202517D7-7997-453B-AC2B-BDD059D5121B}"
EndProject
Global
	GlobalSection(SolutionConfigurationPlatforms) = preSolution
		Debug|x64 = Debug|x64
		Debug|x86 = Debug|x86
		Release|x64 = Release|x64
		Release|x86 = Release|x86
	EndGlobalSection
	GlobalSection(ProjectConfigurationPlatforms) = postSolution
		{202517D7-7997-453B-AC2B-BDD059D5121B}.Debug|x64.ActiveCfg = Debug|x64
		{202517D7-7997-453B-AC2B-BDD059D5121B}.Debug|x64.Build.0 = Debug|x64
		{202517D7-7997-453B-AC2B-BDD059D5121B}.Debug|x86.ActiveCfg = Debug|Win32
		{202517D7-7997-453B-AC2B-BDD059D5121B}.Debug|x86.Build.0 = Debug|Win32
		{202517D7-7997-453B-AC2B-BDD059D5121B}.Release|x64.ActiveCfg = Release|x64
		{202517D7-7997-453B-AC2B-BDD059D5121B}.Release|x64.Build.0 = Release|x64
		{202517D7-7997-453B-AC2B-BDD059D5121B}.Release|x86.ActiveCfg = Release|Win32
		{202517D7-7997-453B-AC2B-BDD059D5121B}.Release|x86.Build.0 = Release|Win32
	EndGlobalSection
	GlobalSection(SolutionProperties) = preSolution
		HideSolutionNode = FALSE
	EndGlobalSection
	GlobalSection(ExtensibilityGlobals) = postSolution
		SolutionGuid = {C3FA8D25-23B5-40F9-AF87-621813173C39}
	EndGlobalSection
EndGlobal
